
Microsoft Visual Studio Solution File, Format Version 12.00
# Visual Studio 15
VisualStudioVersion = 15.0.28307.779
MinimumVisualStudioVersion = 10.0.40219.1
Project("{9A19103F-16F7-4668-BE54-9A1E7A4F7556}") = "Entidades", "Entidades\Entidades.csproj", "{13DA2F2C-A11A-4206-995A-EE4EEFDB6CC3}"
EndProject
Project("{FAE04EC0-301F-11D3-BF4B-00C04F79EFBC}") = "MiCalculadora", "MiCalculadora\MiCalculadora.csproj", "{C9C35638-89FD-4062-B76C-49DA6CE54ED9}"
EndProject
Global
	GlobalSection(SolutionConfigurationPlatforms) = preSolution
		Debug|Any CPU = Debug|Any CPU
		Release|Any CPU = Release|Any CPU
	EndGlobalSection
	GlobalSection(ProjectConfigurationPlatforms) = postSolution
		{13DA2F2C-A11A-4206-995A-EE4EEFDB6CC3}.Debug|Any CPU.ActiveCfg = Debug|Any CPU
		{13DA2F2C-A11A-4206-995A-EE4EEFDB6CC3}.Debug|Any CPU.Build.0 = Debug|Any CPU
		{13DA2F2C-A11A-4206-995A-EE4EEFDB6CC3}.Release|Any CPU.ActiveCfg = Release|Any CPU
		{13DA2F2C-A11A-4206-995A-EE4EEFDB6CC3}.Release|Any CPU.Build.0 = Release|Any CPU
		{C9C35638-89FD-4062-B76C-49DA6CE54ED9}.Debug|Any CPU.ActiveCfg = Debug|Any CPU
		{C9C35638-89FD-4062-B76C-49DA6CE54ED9}.Debug|Any CPU.Build.0 = Debug|Any CPU
		{C9C35638-89FD-4062-B76C-49DA6CE54ED9}.Release|Any CPU.ActiveCfg = Release|Any CPU
		{C9C35638-89FD-4062-B76C-49DA6CE54ED9}.Release|Any CPU.Build.0 = Release|Any CPU
	EndGlobalSection
	GlobalSection(SolutionProperties) = preSolution
		HideSolutionNode = FALSE
	EndGlobalSection
	GlobalSection(ExtensibilityGlobals) = postSolution
		SolutionGuid = {3D2BEB09-1356-4CC6-A74B-B12EB8634500}
	EndGlobalSection
EndGlobal
